
Microsoft Visual Studio Solution File, Format Version 12.00
# Visual Studio 14
VisualStudioVersion = 14.0.22823.1
MinimumVisualStudioVersion = 10.0.40219.1
Project("{FAE04EC0-301F-11D3-BF4B-00C04F79EFBC}") = "DockingDemo", "WpfApplication1\DockingDemo.csproj", "{05BEBE36-6DC9-4C63-9AED-96823F230FA1}"
EndProject
Project("{FAE04EC0-301F-11D3-BF4B-00C04F79EFBC}") = "DockingManager", "DockingManager\DockingManager.csproj", "{31E0BF08-C57D-45C0-B0F3-EF56325CA709}"
EndProject
Global
	GlobalSection(SolutionConfigurationPlatforms) = preSolution
		Debug|Any CPU = Debug|Any CPU
		Release|Any CPU = Release|Any CPU
	EndGlobalSection
	GlobalSection(ProjectConfigurationPlatforms) = postSolution
		{05BEBE36-6DC9-4C63-9AED-96823F230FA1}.Debug|Any CPU.ActiveCfg = Debug|Any CPU
		{05BEBE36-6DC9-4C63-9AED-96823F230FA1}.Debug|Any CPU.Build.0 = Debug|Any CPU
		{05BEBE36-6DC9-4C63-9AED-96823F230FA1}.Release|Any CPU.ActiveCfg = Release|Any CPU
		{05BEBE36-6DC9-4C63-9AED-96823F230FA1}.Release|Any CPU.Build.0 = Release|Any CPU
		{31E0BF08-C57D-45C0-B0F3-EF56325CA709}.Debug|Any CPU.ActiveCfg = Debug|Any CPU
		{31E0BF08-C57D-45C0-B0F3-EF56325CA709}.Debug|Any CPU.Build.0 = Debug|Any CPU
		{31E0BF08-C57D-45C0-B0F3-EF56325CA709}.Release|Any CPU.ActiveCfg = Release|Any CPU
		{31E0BF08-C57D-45C0-B0F3-EF56325CA709}.Release|Any CPU.Build.0 = Release|Any CPU
	EndGlobalSection
	GlobalSection(SolutionProperties) = preSolution
		HideSolutionNode = FALSE
	EndGlobalSection
EndGlobal
